
Microsoft Visual Studio Solution File, Format Version 12.00
# Visual Studio Version 17
VisualStudioVersion = 17.1.32319.34
MinimumVisualStudioVersion = 10.0.40219.1
Project("{9A19103F-16F7-4668-BE54-9A1E7A4F7556}") = "UsernameGrabber", "UsernameGrabber\UsernameGrabber.csproj", "{A5B1A41B-3318-4B39-9F72-0E75D6A49012}"
EndProject
Global
	GlobalSection(SolutionConfigurationPlatforms) = preSolution
		Debug|Any CPU = Debug|Any CPU
		Release|Any CPU = Release|Any CPU
	EndGlobalSection
	GlobalSection(ProjectConfigurationPlatforms) = postSolution
		{A5B1A41B-3318-4B39-9F72-0E75D6A49012}.Debug|Any CPU.ActiveCfg = Debug|Any CPU
		{A5B1A41B-3318-4B39-9F72-0E75D6A49012}.Debug|Any CPU.Build.0 = Debug|Any CPU
		{A5B1A41B-3318-4B39-9F72-0E75D6A49012}.Release|Any CPU.ActiveCfg = Release|Any CPU
		{A5B1A41B-3318-4B39-9F72-0E75D6A49012}.Release|Any CPU.Build.0 = Release|Any CPU
	EndGlobalSection
	GlobalSection(SolutionProperties) = preSolution
		HideSolutionNode = FALSE
	EndGlobalSection
	GlobalSection(ExtensibilityGlobals) = postSolution
		SolutionGuid = {89A336B0-EDE0-423E-B986-567EBCF69BAF}
	EndGlobalSection
EndGlobal
